
Microsoft Visual Studio Solution File, Format Version 12.00
# Visual Studio Version 17
VisualStudioVersion = 17.4.33122.133
MinimumVisualStudioVersion = 10.0.40219.1
Project("{FAE04EC0-301F-11D3-BF4B-00C04F79EFBC}") = "ChatGptLib", "ChatGptLib\ChatGptLib.csproj", "{FFFA26DF-1E6C-47AC-9C51-F6EEBC3F98F7}"
EndProject
Project("{FAE04EC0-301F-11D3-BF4B-00C04F79EFBC}") = "GhatGptTests", "GhatGptTests\GhatGptTests.csproj", "{29382E7C-AAD4-492B-9064-824A25C0CFF4}"
EndProject
Global
	GlobalSection(SolutionConfigurationPlatforms) = preSolution
		Debug|Any CPU = Debug|Any CPU
		Release|Any CPU = Release|Any CPU
	EndGlobalSection
	GlobalSection(ProjectConfigurationPlatforms) = postSolution
		{FFFA26DF-1E6C-47AC-9C51-F6EEBC3F98F7}.Debug|Any CPU.ActiveCfg = Debug|Any CPU
		{FFFA26DF-1E6C-47AC-9C51-F6EEBC3F98F7}.Debug|Any CPU.Build.0 = Debug|Any CPU
		{FFFA26DF-1E6C-47AC-9C51-F6EEBC3F98F7}.Release|Any CPU.ActiveCfg = Release|Any CPU
		{FFFA26DF-1E6C-47AC-9C51-F6EEBC3F98F7}.Release|Any CPU.Build.0 = Release|Any CPU
		{29382E7C-AAD4-492B-9064-824A25C0CFF4}.Debug|Any CPU.ActiveCfg = Debug|Any CPU
		{29382E7C-AAD4-492B-9064-824A25C0CFF4}.Debug|Any CPU.Build.0 = Debug|Any CPU
		{29382E7C-AAD4-492B-9064-824A25C0CFF4}.Release|Any CPU.ActiveCfg = Release|Any CPU
		{29382E7C-AAD4-492B-9064-824A25C0CFF4}.Release|Any CPU.Build.0 = Release|Any CPU
	EndGlobalSection
	GlobalSection(SolutionProperties) = preSolution
		HideSolutionNode = FALSE
	EndGlobalSection
	GlobalSection(ExtensibilityGlobals) = postSolution
		SolutionGuid = {7766C750-3626-4633-ABED-0B24BB6B3BCE}
	EndGlobalSection
EndGlobal
